// !$*UTF8*$!
{
	archiveVersion = 1;
	classes = {
	};
	objectVersion = 46;
	objects = {

/* Begin PBXBuildFile section */
		50C15F0D1BB3C71E1546DB9D /* Pods_FootballForYou.framework in Frameworks */ = {isa = PBXBuildFile; fileRef = 6400449BF262C38C16817609 /* Pods_FootballForYou.framework */; };
		9508157B1EBAAB7E0045E32F /* AFC Bournemouth.png in Resources */ = {isa = PBXBuildFile; fileRef = 950815671EBAAB7E0045E32F /* AFC Bournemouth.png */; };
		9508157C1EBAAB7E0045E32F /* Arsenal FC.png in Resources */ = {isa = PBXBuildFile; fileRef = 950815681EBAAB7E0045E32F /* Arsenal FC.png */; };
		9508157D1EBAAB7E0045E32F /* Burnley FC.png in Resources */ = {isa = PBXBuildFile; fileRef = 950815691EBAAB7E0045E32F /* Burnley FC.png */; };
		9508157E1EBAAB7E0045E32F /* Chelsea FC.png in Resources */ = {isa = PBXBuildFile; fileRef = 9508156A1EBAAB7E0045E32F /* Chelsea FC.png */; };
		9508157F1EBAAB7E0045E32F /* Crystal Palace FC.png in Resources */ = {isa = PBXBuildFile; fileRef = 9508156B1EBAAB7E0045E32F /* Crystal Palace FC.png */; };
		950815801EBAAB7E0045E32F /* Everton FC.png in Resources */ = {isa = PBXBuildFile; fileRef = 9508156C1EBAAB7E0045E32F /* Everton FC.png */; };
		950815811EBAAB7E0045E32F /* Hull City FC.png in Resources */ = {isa = PBXBuildFile; fileRef = 9508156D1EBAAB7E0045E32F /* Hull City FC.png */; };
		950815821EBAAB7E0045E32F /* Leicester City FC.png in Resources */ = {isa = PBXBuildFile; fileRef = 9508156E1EBAAB7E0045E32F /* Leicester City FC.png */; };
		950815841EBAAB7E0045E32F /* Manchester City FC.png in Resources */ = {isa = PBXBuildFile; fileRef = 950815701EBAAB7E0045E32F /* Manchester City FC.png */; };
		950815851EBAAB7E0045E32F /* Manchester United FC.png in Resources */ = {isa = PBXBuildFile; fileRef = 950815711EBAAB7E0045E32F /* Manchester United FC.png */; };
		950815861EBAAB7E0045E32F /* Middlesbrough FC.png in Resources */ = {isa = PBXBuildFile; fileRef = 950815721EBAAB7E0045E32F /* Middlesbrough FC.png */; };
		950815871EBAAB7E0045E32F /* Southampton FC.png in Resources */ = {isa = PBXBuildFile; fileRef = 950815731EBAAB7E0045E32F /* Southampton FC.png */; };
		950815881EBAAB7E0045E32F /* Stoke City FC.png in Resources */ = {isa = PBXBuildFile; fileRef = 950815741EBAAB7E0045E32F /* Stoke City FC.png */; };
		950815891EBAAB7E0045E32F /* Sunderland AFC.png in Resources */ = {isa = PBXBuildFile; fileRef = 950815751EBAAB7E0045E32F /* Sunderland AFC.png */; };
		9508158A1EBAAB7E0045E32F /* Swansea City FC.png in Resources */ = {isa = PBXBuildFile; fileRef = 950815761EBAAB7E0045E32F /* Swansea City FC.png */; };
		9508158B1EBAAB7E0045E32F /* Tottenham Hotspur FC.png in Resources */ = {isa = PBXBuildFile; fileRef = 950815771EBAAB7E0045E32F /* Tottenham Hotspur FC.png */; };
		9508158C1EBAAB7E0045E32F /* Watford FC.png in Resources */ = {isa = PBXBuildFile; fileRef = 950815781EBAAB7E0045E32F /* Watford FC.png */; };
		9508158D1EBAAB7E0045E32F /* West Bromwich Albion FC.png in Resources */ = {isa = PBXBuildFile; fileRef = 950815791EBAAB7E0045E32F /* West Bromwich Albion FC.png */; };
		9508158E1EBAAB7E0045E32F /* West Ham United FC.png in Resources */ = {isa = PBXBuildFile; fileRef = 9508157A1EBAAB7E0045E32F /* West Ham United FC.png */; };
		950815901EBAACCA0045E32F /* Liverpool FC.png in Resources */ = {isa = PBXBuildFile; fileRef = 9508158F1EBAACCA0045E32F /* Liverpool FC.png */; };
		95091FA21EBFEDFC0008857A /* PlayersCollectionViewCell.swift in Sources */ = {isa = PBXBuildFile; fileRef = 95091FA11EBFEDFC0008857A /* PlayersCollectionViewCell.swift */; };
		951ECA301EBE01AC00C97E1D /* Screen2TableViewCell.swift in Sources */ = {isa = PBXBuildFile; fileRef = 951ECA2F1EBE01AC00C97E1D /* Screen2TableViewCell.swift */; };
		9560BBFC1EBFE00100D9E427 /* teamScreen.swift in Sources */ = {isa = PBXBuildFile; fileRef = 9560BBFB1EBFE00100D9E427 /* teamScreen.swift */; };
		95633F4A1EB7F7E1003B3FF2 /* Competitions.csv in Resources */ = {isa = PBXBuildFile; fileRef = 95633F481EB7F7E1003B3FF2 /* Competitions.csv */; };
		95633F4D1EB7F7FF003B3FF2 /* csv.swift in Sources */ = {isa = PBXBuildFile; fileRef = 95633F4C1EB7F7FF003B3FF2 /* csv.swift */; };
		95633F4F1EB80189003B3FF2 /* shadedViewForCollectionView.swift in Sources */ = {isa = PBXBuildFile; fileRef = 95633F4E1EB80189003B3FF2 /* shadedViewForCollectionView.swift */; };
		95633F511EB80E60003B3FF2 /* Screen2.swift in Sources */ = {isa = PBXBuildFile; fileRef = 95633F501EB80E60003B3FF2 /* Screen2.swift */; };
		95633F541EB81234003B3FF2 /* Teams.swift in Sources */ = {isa = PBXBuildFile; fileRef = 95633F531EB81234003B3FF2 /* Teams.swift */; };
		95633F561EB8232B003B3FF2 /* Screen2CollectionView.swift in Sources */ = {isa = PBXBuildFile; fileRef = 95633F551EB8232B003B3FF2 /* Screen2CollectionView.swift */; };
		957BA3D01EBFEF0900DE331A /* Players.swift in Sources */ = {isa = PBXBuildFile; fileRef = 957BA3CF1EBFEF0900DE331A /* Players.swift */; };
		958D505C1EBFA11900BEAC41 /* FixturesTableViewCell.swift in Sources */ = {isa = PBXBuildFile; fileRef = 958D505B1EBFA11900BEAC41 /* FixturesTableViewCell.swift */; };
		958D505E1EBFA30000BEAC41 /* Fixtures.swift in Sources */ = {isa = PBXBuildFile; fileRef = 958D505D1EBFA30000BEAC41 /* Fixtures.swift */; };
		959155F01EB7E9000017B83E /* AppDelegate.swift in Sources */ = {isa = PBXBuildFile; fileRef = 959155EF1EB7E9000017B83E /* AppDelegate.swift */; };
		959155F21EB7E9000017B83E /* Screen1.swift in Sources */ = {isa = PBXBuildFile; fileRef = 959155F11EB7E9000017B83E /* Screen1.swift */; };
		959155F51EB7E9000017B83E /* Main.storyboard in Resources */ = {isa = PBXBuildFile; fileRef = 959155F31EB7E9000017B83E /* Main.storyboard */; };
		959155F71EB7E9000017B83E /* Assets.xcassets in Resources */ = {isa = PBXBuildFile; fileRef = 959155F61EB7E9000017B83E /* Assets.xcassets */; };
		959155FA1EB7E9000017B83E /* LaunchScreen.storyboard in Resources */ = {isa = PBXBuildFile; fileRef = 959155F81EB7E9000017B83E /* LaunchScreen.storyboard */; };
		959156021EB7EA450017B83E /* Ristella.ttf in Resources */ = {isa = PBXBuildFile; fileRef = 959156011EB7EA450017B83E /* Ristella.ttf */; };
		959156091EB7EBDD0017B83E /* Richardson Brand United.otf in Resources */ = {isa = PBXBuildFile; fileRef = 959156081EB7EBDD0017B83E /* Richardson Brand United.otf */; };
		9591560B1EB7EE390017B83E /* Screen1CollectionView.swift in Sources */ = {isa = PBXBuildFile; fileRef = 9591560A1EB7EE390017B83E /* Screen1CollectionView.swift */; };
		9591560D1EB7EF500017B83E /* Competitions.swift in Sources */ = {isa = PBXBuildFile; fileRef = 9591560C1EB7EF500017B83E /* Competitions.swift */; };
		9591560F1EB7EF6D0017B83E /* Alamofire.framework in Frameworks */ = {isa = PBXBuildFile; fileRef = 9591560E1EB7EF6D0017B83E /* Alamofire.framework */; };
/* End PBXBuildFile section */

/* Begin PBXFileReference section */
		03E9D0F94B27366A99451318 /* Pods-FootballForYou.release.xcconfig */ = {isa = PBXFileReference; includeInIndex = 1; lastKnownFileType = text.xcconfig; name = "Pods-FootballForYou.release.xcconfig"; path = "Pods/Target Support Files/Pods-FootballForYou/Pods-FootballForYou.release.xcconfig"; sourceTree = "<group>"; };
		6400449BF262C38C16817609 /* Pods_FootballForYou.framework */ = {isa = PBXFileReference; explicitFileType = wrapper.framework; includeInIndex = 0; path = Pods_FootballForYou.framework; sourceTree = BUILT_PRODUCTS_DIR; };
		950815671EBAAB7E0045E32F /* AFC Bournemouth.png */ = {isa = PBXFileReference; lastKnownFileType = image.png; name = "AFC Bournemouth.png"; path = "../../Premier League/AFC Bournemouth.png"; sourceTree = "<group>"; };
		950815681EBAAB7E0045E32F /* Arsenal FC.png */ = {isa = PBXFileReference; lastKnownFileType = image.png; name = "Arsenal FC.png"; path = "../../Premier League/Arsenal FC.png"; sourceTree = "<group>"; };
		950815691EBAAB7E0045E32F /* Burnley FC.png */ = {isa = PBXFileReference; lastKnownFileType = image.png; name = "Burnley FC.png"; path = "../../Premier League/Burnley FC.png"; sourceTree = "<group>"; };
		9508156A1EBAAB7E0045E32F /* Chelsea FC.png */ = {isa = PBXFileReference; lastKnownFileType = image.png; name = "Chelsea FC.png"; path = "../../Premier League/Chelsea FC.png"; sourceTree = "<group>"; };
		9508156B1EBAAB7E0045E32F /* Crystal Palace FC.png */ = {isa = PBXFileReference; lastKnownFileType = image.png; name = "Crystal Palace FC.png"; path = "../../Premier League/Crystal Palace FC.png"; sourceTree = "<group>"; };
		9508156C1EBAAB7E0045E32F /* Everton FC.png */ = {isa = PBXFileReference; lastKnownFileType = image.png; name = "Everton FC.png"; path = "../../Premier League/Everton FC.png"; sourceTree = "<group>"; };
		9508156D1EBAAB7E0045E32F /* Hull City FC.png */ = {isa = PBXFileReference; lastKnownFileType = image.png; name = "Hull City FC.png"; path = "../../Premier League/Hull City FC.png"; sourceTree = "<group>"; };
		9508156E1EBAAB7E0045E32F /* Leicester City FC.png */ = {isa = PBXFileReference; lastKnownFileType = image.png; name = "Leicester City FC.png"; path = "../../Premier League/Leicester City FC.png"; sourceTree = "<group>"; };
		950815701EBAAB7E0045E32F /* Manchester City FC.png */ = {isa = PBXFileReference; lastKnownFileType = image.png; name = "Manchester City FC.png"; path = "../../Premier League/Manchester City FC.png"; sourceTree = "<group>"; };
		950815711EBAAB7E0045E32F /* Manchester United FC.png */ = {isa = PBXFileReference; lastKnownFileType = image.png; name = "Manchester United FC.png"; path = "../../Premier League/Manchester United FC.png"; sourceTree = "<group>"; };
		950815721EBAAB7E0045E32F /* Middlesbrough FC.png */ = {isa = PBXFileReference; lastKnownFileType = image.png; name = "Middlesbrough FC.png"; path = "../../Premier League/Middlesbrough FC.png"; sourceTree = "<group>"; };
		950815731EBAAB7E0045E32F /* Southampton FC.png */ = {isa = PBXFileReference; lastKnownFileType = image.png; name = "Southampton FC.png"; path = "../../Premier League/Southampton FC.png"; sourceTree = "<group>"; };
		950815741EBAAB7E0045E32F /* Stoke City FC.png */ = {isa = PBXFileReference; lastKnownFileType = image.png; name = "Stoke City FC.png"; path = "../../Premier League/Stoke City FC.png"; sourceTree = "<group>"; };
		950815751EBAAB7E0045E32F /* Sunderland AFC.png */ = {isa = PBXFileReference; lastKnownFileType = image.png; name = "Sunderland AFC.png"; path = "../../Premier League/Sunderland AFC.png"; sourceTree = "<group>"; };
		950815761EBAAB7E0045E32F /* Swansea City FC.png */ = {isa = PBXFileReference; lastKnownFileType = image.png; name = "Swansea City FC.png"; path = "../../Premier League/Swansea City FC.png"; sourceTree = "<group>"; };
		950815771EBAAB7E0045E32F /* Tottenham Hotspur FC.png */ = {isa = PBXFileReference; lastKnownFileType = image.png; name = "Tottenham Hotspur FC.png"; path = "../../Premier League/Tottenham Hotspur FC.png"; sourceTree = "<group>"; };
		950815781EBAAB7E0045E32F /* Watford FC.png */ = {isa = PBXFileReference; lastKnownFileType = image.png; name = "Watford FC.png"; path = "../../Premier League/Watford FC.png"; sourceTree = "<group>"; };
		950815791EBAAB7E0045E32F /* West Bromwich Albion FC.png */ = {isa = PBXFileReference; lastKnownFileType = image.png; name = "West Bromwich Albion FC.png"; path = "../../Premier League/West Bromwich Albion FC.png"; sourceTree = "<group>"; };
		9508157A1EBAAB7E0045E32F /* West Ham United FC.png */ = {isa = PBXFileReference; lastKnownFileType = image.png; name = "West Ham United FC.png"; path = "../../Premier League/West Ham United FC.png"; sourceTree = "<group>"; };
		9508158F1EBAACCA0045E32F /* Liverpool FC.png */ = {isa = PBXFileReference; lastKnownFileType = image.png; name = "Liverpool FC.png"; path = "../../Premier League/Liverpool FC.png"; sourceTree = "<group>"; };
		95091FA11EBFEDFC0008857A /* PlayersCollectionViewCell.swift */ = {isa = PBXFileReference; fileEncoding = 4; lastKnownFileType = sourcecode.swift; path = PlayersCollectionViewCell.swift; sourceTree = "<group>"; };
		951ECA2F1EBE01AC00C97E1D /* Screen2TableViewCell.swift */ = {isa = PBXFileReference; fileEncoding = 4; lastKnownFileType = sourcecode.swift; path = Screen2TableViewCell.swift; sourceTree = "<group>"; };
		9560BBFB1EBFE00100D9E427 /* teamScreen.swift */ = {isa = PBXFileReference; fileEncoding = 4; lastKnownFileType = sourcecode.swift; path = teamScreen.swift; sourceTree = "<group>"; };
		95633F481EB7F7E1003B3FF2 /* Competitions.csv */ = {isa = PBXFileReference; fileEncoding = 4; lastKnownFileType = text; name = Competitions.csv; path = "../../../AbdoApps/Football for you/Competitions.csv"; sourceTree = "<group>"; };
		95633F4C1EB7F7FF003B3FF2 /* csv.swift */ = {isa = PBXFileReference; fileEncoding = 4; lastKnownFileType = sourcecode.swift; name = csv.swift; path = ../../PokeDex/PokeDex/csv.swift; sourceTree = "<group>"; };
		95633F4E1EB80189003B3FF2 /* shadedViewForCollectionView.swift */ = {isa = PBXFileReference; fileEncoding = 4; lastKnownFileType = sourcecode.swift; path = shadedViewForCollectionView.swift; sourceTree = "<group>"; };
		95633F501EB80E60003B3FF2 /* Screen2.swift */ = {isa = PBXFileReference; fileEncoding = 4; lastKnownFileType = sourcecode.swift; path = Screen2.swift; sourceTree = "<group>"; };
		95633F531EB81234003B3FF2 /* Teams.swift */ = {isa = PBXFileReference; fileEncoding = 4; lastKnownFileType = sourcecode.swift; path = Teams.swift; sourceTree = "<group>"; };
		95633F551EB8232B003B3FF2 /* Screen2CollectionView.swift */ = {isa = PBXFileReference; fileEncoding = 4; lastKnownFileType = sourcecode.swift; path = Screen2CollectionView.swift; sourceTree = "<group>"; };
		957BA3CF1EBFEF0900DE331A /* Players.swift */ = {isa = PBXFileReference; fileEncoding = 4; lastKnownFileType = sourcecode.swift; path = Players.swift; sourceTree = "<group>"; };
		958D505B1EBFA11900BEAC41 /* FixturesTableViewCell.swift */ = {isa = PBXFileReference; fileEncoding = 4; lastKnownFileType = sourcecode.swift; path = FixturesTableViewCell.swift; sourceTree = "<group>"; };
		958D505D1EBFA30000BEAC41 /* Fixtures.swift */ = {isa = PBXFileReference; fileEncoding = 4; lastKnownFileType = sourcecode.swift; path = Fixtures.swift; sourceTree = "<group>"; };
		959155EC1EB7E9000017B83E /* FootballForYou.app */ = {isa = PBXFileReference; explicitFileType = wrapper.application; includeInIndex = 0; path = FootballForYou.app; sourceTree = BUILT_PRODUCTS_DIR; };
		959155EF1EB7E9000017B83E /* AppDelegate.swift */ = {isa = PBXFileReference; lastKnownFileType = sourcecode.swift; path = AppDelegate.swift; sourceTree = "<group>"; };
		959155F11EB7E9000017B83E /* Screen1.swift */ = {isa = PBXFileReference; lastKnownFileType = sourcecode.swift; path = Screen1.swift; sourceTree = "<group>"; };
		959155F41EB7E9000017B83E /* Base */ = {isa = PBXFileReference; lastKnownFileType = file.storyboard; name = Base; path = Base.lproj/Main.storyboard; sourceTree = "<group>"; };
		959155F61EB7E9000017B83E /* Assets.xcassets */ = {isa = PBXFileReference; lastKnownFileType = folder.assetcatalog; path = Assets.xcassets; sourceTree = "<group>"; };
		959155F91EB7E9000017B83E /* Base */ = {isa = PBXFileReference; lastKnownFileType = file.storyboard; name = Base; path = Base.lproj/LaunchScreen.storyboard; sourceTree = "<group>"; };
		959155FB1EB7E9000017B83E /* Info.plist */ = {isa = PBXFileReference; lastKnownFileType = text.plist.xml; path = Info.plist; sourceTree = "<group>"; };
		959156011EB7EA450017B83E /* Ristella.ttf */ = {isa = PBXFileReference; lastKnownFileType = file; path = Ristella.ttf; sourceTree = "<group>"; };
		959156081EB7EBDD0017B83E /* Richardson Brand United.otf */ = {isa = PBXFileReference; lastKnownFileType = file; path = "Richardson Brand United.otf"; sourceTree = "<group>"; };
		9591560A1EB7EE390017B83E /* Screen1CollectionView.swift */ = {isa = PBXFileReference; fileEncoding = 4; lastKnownFileType = sourcecode.swift; path = Screen1CollectionView.swift; sourceTree = "<group>"; };
		9591560C1EB7EF500017B83E /* Competitions.swift */ = {isa = PBXFileReference; fileEncoding = 4; lastKnownFileType = sourcecode.swift; path = Competitions.swift; sourceTree = "<group>"; };
		9591560E1EB7EF6D0017B83E /* Alamofire.framework */ = {isa = PBXFileReference; lastKnownFileType = wrapper.framework; name = Alamofire.framework; path = "../../../../Library/Developer/Xcode/DerivedData/FootballForYou-ccmufrtlxbekwsevfujaegtahmyn/Build/Products/Debug-iphonesimulator/Alamofire/Alamofire.framework"; sourceTree = "<group>"; };
		A20C55FAA33C215152E2B331 /* Pods-FootballForYou.debug.xcconfig */ = {isa = PBXFileReference; includeInIndex = 1; lastKnownFileType = text.xcconfig; name = "Pods-FootballForYou.debug.xcconfig"; path = "Pods/Target Support Files/Pods-FootballForYou/Pods-FootballForYou.debug.xcconfig"; sourceTree = "<group>"; };
/* End PBXFileReference section */

/* Begin PBXFrameworksBuildPhase section */
		959155E91EB7E9000017B83E /* Frameworks */ = {
			isa = PBXFrameworksBuildPhase;
			buildActionMask = 2147483647;
			files = (
				9591560F1EB7EF6D0017B83E /* Alamofire.framework in Frameworks */,
				50C15F0D1BB3C71E1546DB9D /* Pods_FootballForYou.framework in Frameworks */,
			);
			runOnlyForDeploymentPostprocessing = 0;
		};
/* End PBXFrameworksBuildPhase section */

/* Begin PBXGroup section */
		47EE8B9B2934076A9CFFEA64 /* Frameworks */ = {
			isa = PBXGroup;
			children = (
				9591560E1EB7EF6D0017B83E /* Alamofire.framework */,
				6400449BF262C38C16817609 /* Pods_FootballForYou.framework */,
			);
			name = Frameworks;
			sourceTree = "<group>";
		};
		5CBC9704949DE1EC69FA8393 /* Pods */ = {
			isa = PBXGroup;
			children = (
				A20C55FAA33C215152E2B331 /* Pods-FootballForYou.debug.xcconfig */,
				03E9D0F94B27366A99451318 /* Pods-FootballForYou.release.xcconfig */,
			);
			name = Pods;
			sourceTree = "<group>";
		};
		950815661EBAAB530045E32F /* Premier */ = {
			isa = PBXGroup;
			children = (
				950815671EBAAB7E0045E32F /* AFC Bournemouth.png */,
				950815681EBAAB7E0045E32F /* Arsenal FC.png */,
				950815691EBAAB7E0045E32F /* Burnley FC.png */,
				9508156A1EBAAB7E0045E32F /* Chelsea FC.png */,
				9508158F1EBAACCA0045E32F /* Liverpool FC.png */,
				9508156B1EBAAB7E0045E32F /* Crystal Palace FC.png */,
				9508156C1EBAAB7E0045E32F /* Everton FC.png */,
				9508156D1EBAAB7E0045E32F /* Hull City FC.png */,
				9508156E1EBAAB7E0045E32F /* Leicester City FC.png */,
				950815701EBAAB7E0045E32F /* Manchester City FC.png */,
				950815711EBAAB7E0045E32F /* Manchester United FC.png */,
				950815721EBAAB7E0045E32F /* Middlesbrough FC.png */,
				950815731EBAAB7E0045E32F /* Southampton FC.png */,
				950815741EBAAB7E0045E32F /* Stoke City FC.png */,
				950815751EBAAB7E0045E32F /* Sunderland AFC.png */,
				950815761EBAAB7E0045E32F /* Swansea City FC.png */,
				950815771EBAAB7E0045E32F /* Tottenham Hotspur FC.png */,
				950815781EBAAB7E0045E32F /* Watford FC.png */,
				950815791EBAAB7E0045E32F /* West Bromwich Albion FC.png */,
				9508157A1EBAAB7E0045E32F /* West Ham United FC.png */,
			);
			name = Premier;
			sourceTree = "<group>";
		};
		951ECA2E1EBE016E00C97E1D /* CustomViewUI */ = {
			isa = PBXGroup;
			children = (
				95633F4E1EB80189003B3FF2 /* shadedViewForCollectionView.swift */,
			);
			name = CustomViewUI;
			sourceTree = "<group>";
		};
		959155E31EB7E9000017B83E = {
			isa = PBXGroup;
			children = (
				959155EE1EB7E9000017B83E /* FootballForYou */,
				959155ED1EB7E9000017B83E /* Products */,
				47EE8B9B2934076A9CFFEA64 /* Frameworks */,
				5CBC9704949DE1EC69FA8393 /* Pods */,
			);
			sourceTree = "<group>";
		};
		959155ED1EB7E9000017B83E /* Products */ = {
			isa = PBXGroup;
			children = (
				959155EC1EB7E9000017B83E /* FootballForYou.app */,
			);
			name = Products;
			sourceTree = "<group>";
		};
		959155EE1EB7E9000017B83E /* FootballForYou */ = {
			isa = PBXGroup;
			children = (
				959156071EB7EA6C0017B83E /* Model */,
				959156061EB7EA650017B83E /* View */,
				959156051EB7EA5E0017B83E /* Controller */,
				959156041EB7EA540017B83E /* Utilities */,
				959156031EB7EA4A0017B83E /* Resources */,
				959155F31EB7E9000017B83E /* Main.storyboard */,
				959155F81EB7E9000017B83E /* LaunchScreen.storyboard */,
			);
			path = FootballForYou;
			sourceTree = "<group>";
		};
		959156031EB7EA4A0017B83E /* Resources */ = {
			isa = PBXGroup;
			children = (
				950815661EBAAB530045E32F /* Premier */,
				95633F481EB7F7E1003B3FF2 /* Competitions.csv */,
				959156081EB7EBDD0017B83E /* Richardson Brand United.otf */,
				959155F61EB7E9000017B83E /* Assets.xcassets */,
				959156011EB7EA450017B83E /* Ristella.ttf */,
				959155FB1EB7E9000017B83E /* Info.plist */,
			);
			name = Resources;
			sourceTree = "<group>";
		};
		959156041EB7EA540017B83E /* Utilities */ = {
			isa = PBXGroup;
			children = (
				95633F4C1EB7F7FF003B3FF2 /* csv.swift */,
			);
			name = Utilities;
			sourceTree = "<group>";
		};
		959156051EB7EA5E0017B83E /* Controller */ = {
			isa = PBXGroup;
			children = (
				959155EF1EB7E9000017B83E /* AppDelegate.swift */,
				959155F11EB7E9000017B83E /* Screen1.swift */,
				95633F501EB80E60003B3FF2 /* Screen2.swift */,
				9560BBFB1EBFE00100D9E427 /* teamScreen.swift */,
			);
			name = Controller;
			sourceTree = "<group>";
		};
		959156061EB7EA650017B83E /* View */ = {
			isa = PBXGroup;
			children = (
				951ECA2E1EBE016E00C97E1D /* CustomViewUI */,
				9591560A1EB7EE390017B83E /* Screen1CollectionView.swift */,
				95633F551EB8232B003B3FF2 /* Screen2CollectionView.swift */,
				951ECA2F1EBE01AC00C97E1D /* Screen2TableViewCell.swift */,
				958D505B1EBFA11900BEAC41 /* FixturesTableViewCell.swift */,
				95091FA11EBFEDFC0008857A /* PlayersCollectionViewCell.swift */,
			);
			name = View;
			sourceTree = "<group>";
		};
		959156071EB7EA6C0017B83E /* Model */ = {
			isa = PBXGroup;
			children = (
				9591560C1EB7EF500017B83E /* Competitions.swift */,
				95633F531EB81234003B3FF2 /* Teams.swift */,
				958D505D1EBFA30000BEAC41 /* Fixtures.swift */,
				957BA3CF1EBFEF0900DE331A /* Players.swift */,
			);
			name = Model;
			sourceTree = "<group>";
		};
/* End PBXGroup section */

/* Begin PBXNativeTarget section */
		959155EB1EB7E9000017B83E /* FootballForYou */ = {
			isa = PBXNativeTarget;
			buildConfigurationList = 959155FE1EB7E9000017B83E /* Build configuration list for PBXNativeTarget "FootballForYou" */;
			buildPhases = (
				55339E8CB4C10DC05B8903D6 /* [CP] Check Pods Manifest.lock */,
				959155E81EB7E9000017B83E /* Sources */,
				959155E91EB7E9000017B83E /* Frameworks */,
				959155EA1EB7E9000017B83E /* Resources */,
				6696BD91FC3FA8AC86500F4D /* [CP] Embed Pods Frameworks */,
				A0C5AD7E54DF1DA97EEE468B /* [CP] Copy Pods Resources */,
			);
			buildRules = (
			);
			dependencies = (
			);
			name = FootballForYou;
			productName = FootballForYou;
			productReference = 959155EC1EB7E9000017B83E /* FootballForYou.app */;
			productType = "com.apple.product-type.application";
		};
/* End PBXNativeTarget section */

/* Begin PBXProject section */
		959155E41EB7E9000017B83E /* Project object */ = {
			isa = PBXProject;
			attributes = {
				LastSwiftUpdateCheck = 0830;
				LastUpgradeCheck = 0830;
				ORGANIZATIONNAME = "Khaled Elfakharany";
				TargetAttributes = {
					959155EB1EB7E9000017B83E = {
						CreatedOnToolsVersion = 8.3;
						ProvisioningStyle = Automatic;
					};
				};
			};
			buildConfigurationList = 959155E71EB7E9000017B83E /* Build configuration list for PBXProject "FootballForYou" */;
			compatibilityVersion = "Xcode 3.2";
			developmentRegion = English;
			hasScannedForEncodings = 0;
			knownRegions = (
				en,
				Base,
			);
			mainGroup = 959155E31EB7E9000017B83E;
			productRefGroup = 959155ED1EB7E9000017B83E /* Products */;
			projectDirPath = "";
			projectRoot = "";
			targets = (
				959155EB1EB7E9000017B83E /* FootballForYou */,
			);
		};
/* End PBXProject section */

/* Begin PBXResourcesBuildPhase section */
		959155EA1EB7E9000017B83E /* Resources */ = {
			isa = PBXResourcesBuildPhase;
			buildActionMask = 2147483647;
			files = (
				950815851EBAAB7E0045E32F /* Manchester United FC.png in Resources */,
				9508158C1EBAAB7E0045E32F /* Watford FC.png in Resources */,
				9508157C1EBAAB7E0045E32F /* Arsenal FC.png in Resources */,
				950815891EBAAB7E0045E32F /* Sunderland AFC.png in Resources */,
				950815801EBAAB7E0045E32F /* Everton FC.png in Resources */,
				950815821EBAAB7E0045E32F /* Leicester City FC.png in Resources */,
				9508158E1EBAAB7E0045E32F /* West Ham United FC.png in Resources */,
				95633F4A1EB7F7E1003B3FF2 /* Competitions.csv in Resources */,
				9508157D1EBAAB7E0045E32F /* Burnley FC.png in Resources */,
				9508158D1EBAAB7E0045E32F /* West Bromwich Albion FC.png in Resources */,
				9508158B1EBAAB7E0045E32F /* Tottenham Hotspur FC.png in Resources */,
				950815841EBAAB7E0045E32F /* Manchester City FC.png in Resources */,
				959156091EB7EBDD0017B83E /* Richardson Brand United.otf in Resources */,
				9508157F1EBAAB7E0045E32F /* Crystal Palace FC.png in Resources */,
				959156021EB7EA450017B83E /* Ristella.ttf in Resources */,
				9508157B1EBAAB7E0045E32F /* AFC Bournemouth.png in Resources */,
				950815871EBAAB7E0045E32F /* Southampton FC.png in Resources */,
				9508158A1EBAAB7E0045E32F /* Swansea City FC.png in Resources */,
				959155FA1EB7E9000017B83E /* LaunchScreen.storyboard in Resources */,
				9508157E1EBAAB7E0045E32F /* Chelsea FC.png in Resources */,
				959155F71EB7E9000017B83E /* Assets.xcassets in Resources */,
				950815881EBAAB7E0045E32F /* Stoke City FC.png in Resources */,
				950815901EBAACCA0045E32F /* Liverpool FC.png in Resources */,
				950815861EBAAB7E0045E32F /* Middlesbrough FC.png in Resources */,
				959155F51EB7E9000017B83E /* Main.storyboard in Resources */,
				950815811EBAAB7E0045E32F /* Hull City FC.png in Resources */,
			);
			runOnlyForDeploymentPostprocessing = 0;
		};
/* End PBXResourcesBuildPhase section */

/* Begin PBXShellScriptBuildPhase section */
		55339E8CB4C10DC05B8903D6 /* [CP] Check Pods Manifest.lock */ = {
			isa = PBXShellScriptBuildPhase;
			buildActionMask = 2147483647;
			files = (
			);
			inputPaths = (
			);
			name = "[CP] Check Pods Manifest.lock";
			outputPaths = (
			);
			runOnlyForDeploymentPostprocessing = 0;
			shellPath = /bin/sh;
			shellScript = "diff \"${PODS_ROOT}/../Podfile.lock\" \"${PODS_ROOT}/Manifest.lock\" > /dev/null\nif [ $? != 0 ] ; then\n    # print error to STDERR\n    echo \"error: The sandbox is not in sync with the Podfile.lock. Run 'pod install' or update your CocoaPods installation.\" >&2\n    exit 1\nfi\n";
			showEnvVarsInLog = 0;
		};
		6696BD91FC3FA8AC86500F4D /* [CP] Embed Pods Frameworks */ = {
			isa = PBXShellScriptBuildPhase;
			buildActionMask = 2147483647;
			files = (
			);
			inputPaths = (
			);
			name = "[CP] Embed Pods Frameworks";
			outputPaths = (
			);
			runOnlyForDeploymentPostprocessing = 0;
			shellPath = /bin/sh;
			shellScript = "\"${SRCROOT}/Pods/Target Support Files/Pods-FootballForYou/Pods-FootballForYou-frameworks.sh\"\n";
			showEnvVarsInLog = 0;
		};
		A0C5AD7E54DF1DA97EEE468B /* [CP] Copy Pods Resources */ = {
			isa = PBXShellScriptBuildPhase;
			buildActionMask = 2147483647;
			files = (
			);
			inputPaths = (
			);
			name = "[CP] Copy Pods Resources";
			outputPaths = (
			);
			runOnlyForDeploymentPostprocessing = 0;
			shellPath = /bin/sh;
			shellScript = "\"${SRCROOT}/Pods/Target Support Files/Pods-FootballForYou/Pods-FootballForYou-resources.sh\"\n";
			showEnvVarsInLog = 0;
		};
/* End PBXShellScriptBuildPhase section */

/* Begin PBXSourcesBuildPhase section */
		959155E81EB7E9000017B83E /* Sources */ = {
			isa = PBXSourcesBuildPhase;
			buildActionMask = 2147483647;
			files = (
				951ECA301EBE01AC00C97E1D /* Screen2TableViewCell.swift in Sources */,
				9560BBFC1EBFE00100D9E427 /* teamScreen.swift in Sources */,
				95633F561EB8232B003B3FF2 /* Screen2CollectionView.swift in Sources */,
				95633F541EB81234003B3FF2 /* Teams.swift in Sources */,
				959155F21EB7E9000017B83E /* Screen1.swift in Sources */,
				959155F01EB7E9000017B83E /* AppDelegate.swift in Sources */,
				957BA3D01EBFEF0900DE331A /* Players.swift in Sources */,
				9591560B1EB7EE390017B83E /* Screen1CollectionView.swift in Sources */,
				95633F511EB80E60003B3FF2 /* Screen2.swift in Sources */,
				9591560D1EB7EF500017B83E /* Competitions.swift in Sources */,
				95633F4F1EB80189003B3FF2 /* shadedViewForCollectionView.swift in Sources */,
				95633F4D1EB7F7FF003B3FF2 /* csv.swift in Sources */,
				958D505C1EBFA11900BEAC41 /* FixturesTableViewCell.swift in Sources */,
				958D505E1EBFA30000BEAC41 /* Fixtures.swift in Sources */,
				95091FA21EBFEDFC0008857A /* PlayersCollectionViewCell.swift in Sources */,
			);
			runOnlyForDeploymentPostprocessing = 0;
		};
/* End PBXSourcesBuildPhase section */

/* Begin PBXVariantGroup section */
		959155F31EB7E9000017B83E /* Main.storyboard */ = {
			isa = PBXVariantGroup;
			children = (
				959155F41EB7E9000017B83E /* Base */,
			);
			name = Main.storyboard;
			sourceTree = "<group>";
		};
		959155F81EB7E9000017B83E /* LaunchScreen.storyboard */ = {
			isa = PBXVariantGroup;
			children = (
				959155F91EB7E9000017B83E /* Base */,
			);
			name = LaunchScreen.storyboard;
			sourceTree = "<group>";
		};
/* End PBXVariantGroup section */

/* Begin XCBuildConfiguration section */
		959155FC1EB7E9000017B83E /* Debug */ = {
			isa = XCBuildConfiguration;
			buildSettings = {
				ALWAYS_SEARCH_USER_PATHS = NO;
				CLANG_ANALYZER_NONNULL = YES;
				CLANG_ANALYZER_NUMBER_OBJECT_CONVERSION = YES_AGGRESSIVE;
				CLANG_CXX_LANGUAGE_STANDARD = "gnu++0x";
				CLANG_CXX_LIBRARY = "libc++";
				CLANG_ENABLE_MODULES = YES;
				CLANG_ENABLE_OBJC_ARC = YES;
				CLANG_WARN_BOOL_CONVERSION = YES;
				CLANG_WARN_CONSTANT_CONVERSION = YES;
				CLANG_WARN_DIRECT_OBJC_ISA_USAGE = YES_ERROR;
				CLANG_WARN_DOCUMENTATION_COMMENTS = YES;
				CLANG_WARN_EMPTY_BODY = YES;
				CLANG_WARN_ENUM_CONVERSION = YES;
				CLANG_WARN_INFINITE_RECURSION = YES;
				CLANG_WARN_INT_CONVERSION = YES;
				CLANG_WARN_OBJC_ROOT_CLASS = YES_ERROR;
				CLANG_WARN_SUSPICIOUS_MOVE = YES;
				CLANG_WARN_UNREACHABLE_CODE = YES;
				CLANG_WARN__DUPLICATE_METHOD_MATCH = YES;
				"CODE_SIGN_IDENTITY[sdk=iphoneos*]" = "iPhone Developer";
				COPY_PHASE_STRIP = NO;
				DEBUG_INFORMATION_FORMAT = dwarf;
				ENABLE_STRICT_OBJC_MSGSEND = YES;
				ENABLE_TESTABILITY = YES;
				GCC_C_LANGUAGE_STANDARD = gnu99;
				GCC_DYNAMIC_NO_PIC = NO;
				GCC_NO_COMMON_BLOCKS = YES;
				GCC_OPTIMIZATION_LEVEL = 0;
				GCC_PREPROCESSOR_DEFINITIONS = (
					"DEBUG=1",
					"$(inherited)",
				);
				GCC_WARN_64_TO_32_BIT_CONVERSION = YES;
				GCC_WARN_ABOUT_RETURN_TYPE = YES_ERROR;
				GCC_WARN_UNDECLARED_SELECTOR = YES;
				GCC_WARN_UNINITIALIZED_AUTOS = YES_AGGRESSIVE;
				GCC_WARN_UNUSED_FUNCTION = YES;
				GCC_WARN_UNUSED_VARIABLE = YES;
				IPHONEOS_DEPLOYMENT_TARGET = 10.3;
				MTL_ENABLE_DEBUG_INFO = YES;
				ONLY_ACTIVE_ARCH = YES;
				SDKROOT = iphoneos;
				SWIFT_ACTIVE_COMPILATION_CONDITIONS = DEBUG;
				SWIFT_OPTIMIZATION_LEVEL = "-Onone";
			};
			name = Debug;
		};
		959155FD1EB7E9000017B83E /* Release */ = {
			isa = XCBuildConfiguration;
			buildSettings = {
				ALWAYS_SEARCH_USER_PATHS = NO;
				CLANG_ANALYZER_NONNULL = YES;
				CLANG_ANALYZER_NUMBER_OBJECT_CONVERSION = YES_AGGRESSIVE;
				CLANG_CXX_LANGUAGE_STANDARD = "gnu++0x";
				CLANG_CXX_LIBRARY = "libc++";
				CLANG_ENABLE_MODULES = YES;
				CLANG_ENABLE_OBJC_ARC = YES;
				CLANG_WARN_BOOL_CONVERSION = YES;
				CLANG_WARN_CONSTANT_CONVERSION = YES;
				CLANG_WARN_DIRECT_OBJC_ISA_USAGE = YES_ERROR;
				CLANG_WARN_DOCUMENTATION_COMMENTS = YES;
				CLANG_WARN_EMPTY_BODY = YES;
				CLANG_WARN_ENUM_CONVERSION = YES;
				CLANG_WARN_INFINITE_RECURSION = YES;
				CLANG_WARN_INT_CONVERSION = YES;
				CLANG_WARN_OBJC_ROOT_CLASS = YES_ERROR;
				CLANG_WARN_SUSPICIOUS_MOVE = YES;
				CLANG_WARN_UNREACHABLE_CODE = YES;
				CLANG_WARN__DUPLICATE_METHOD_MATCH = YES;
				"CODE_SIGN_IDENTITY[sdk=iphoneos*]" = "iPhone Developer";
				COPY_PHASE_STRIP = NO;
				DEBUG_INFORMATION_FORMAT = "dwarf-with-dsym";
				ENABLE_NS_ASSERTIONS = NO;
				ENABLE_STRICT_OBJC_MSGSEND = YES;
				GCC_C_LANGUAGE_STANDARD = gnu99;
				GCC_NO_COMMON_BLOCKS = YES;
				GCC_WARN_64_TO_32_BIT_CONVERSION = YES;
				GCC_WARN_ABOUT_RETURN_TYPE = YES_ERROR;
				GCC_WARN_UNDECLARED_SELECTOR = YES;
				GCC_WARN_UNINITIALIZED_AUTOS = YES_AGGRESSIVE;
				GCC_WARN_UNUSED_FUNCTION = YES;
				GCC_WARN_UNUSED_VARIABLE = YES;
				IPHONEOS_DEPLOYMENT_TARGET = 10.3;
				MTL_ENABLE_DEBUG_INFO = NO;
				SDKROOT = iphoneos;
				SWIFT_OPTIMIZATION_LEVEL = "-Owholemodule";
				VALIDATE_PRODUCT = YES;
			};
			name = Release;
		};
		959155FF1EB7E9000017B83E /* Debug */ = {
			isa = XCBuildConfiguration;
			baseConfigurationReference = A20C55FAA33C215152E2B331 /* Pods-FootballForYou.debug.xcconfig */;
			buildSettings = {
				ASSETCATALOG_COMPILER_APPICON_NAME = AppIcon;
				INFOPLIST_FILE = FootballForYou/Info.plist;
				LD_RUNPATH_SEARCH_PATHS = "$(inherited) @executable_path/Frameworks";
				PRODUCT_BUNDLE_IDENTIFIER = swift3.FootballForYou;
				PRODUCT_NAME = "$(TARGET_NAME)";
				SWIFT_VERSION = 3.0;
			};
			name = Debug;
		};
		959156001EB7E9000017B83E /* Release */ = {
			isa = XCBuildConfiguration;
			baseConfigurationReference = 03E9D0F94B27366A99451318 /* Pods-FootballForYou.release.xcconfig */;
			buildSettings = {
				ASSETCATALOG_COMPILER_APPICON_NAME = AppIcon;
				INFOPLIST_FILE = FootballForYou/Info.plist;
				LD_RUNPATH_SEARCH_PATHS = "$(inherited) @executable_path/Frameworks";
				PRODUCT_BUNDLE_IDENTIFIER = swift3.FootballForYou;
				PRODUCT_NAME = "$(TARGET_NAME)";
				SWIFT_VERSION = 3.0;
			};
			name = Release;
		};
/* End XCBuildConfiguration section */

/* Begin XCConfigurationList section */
		959155E71EB7E9000017B83E /* Build configuration list for PBXProject "FootballForYou" */ = {
			isa = XCConfigurationList;
			buildConfigurations = (
				959155FC1EB7E9000017B83E /* Debug */,
				959155FD1EB7E9000017B83E /* Release */,
			);
			defaultConfigurationIsVisible = 0;
			defaultConfigurationName = Release;
		};
		959155FE1EB7E9000017B83E /* Build configuration list for PBXNativeTarget "FootballForYou" */ = {
			isa = XCConfigurationList;
			buildConfigurations = (
				959155FF1EB7E9000017B83E /* Debug */,
				959156001EB7E9000017B83E /* Release */,
			);
			defaultConfigurationIsVisible = 0;
			defaultConfigurationName = Release;
		};
/* End XCConfigurationList section */
	};
	rootObject = 959155E41EB7E9000017B83E /* Project object */;
}
